
Microsoft Visual Studio Solution File, Format Version 12.00
# Visual Studio Version 17
VisualStudioVersion = 17.1.32421.90
MinimumVisualStudioVersion = 10.0.40219.1
Project("{2150E333-8FDC-42A3-9474-1A3956D46DE8}") = "Core", "Core", "{B08C3C29-54DB-49A4-AFE0-8BCE63072BF1}"
EndProject
Project("{FAE04EC0-301F-11D3-BF4B-00C04F79EFBC}") = "DDD.Core", "src\DDD.Core\DDD.Core.csproj", "{9ADE6802-4B01-4B84-805D-E0FC66EE190F}"
EndProject
Project("{2150E333-8FDC-42A3-9474-1A3956D46DE8}") = "Services", "Services", "{9A49DB18-ED29-4478-86B7-ED6E72AE87C9}"
EndProject
Project("{2150E333-8FDC-42A3-9474-1A3956D46DE8}") = "Customer", "Customer", "{B54DD91B-0C31-4878-8D3A-DB4036BFAAE8}"
EndProject
Project("{FAE04EC0-301F-11D3-BF4B-00C04F79EFBC}") = "DDD.Customer.Domain", "src\DDD.Customer.Domain\DDD.Customer.Domain.csproj", "{C3AAFA59-F27D-4A6A-BD07-30D3DAD766A0}"
EndProject
Project("{2150E333-8FDC-42A3-9474-1A3956D46DE8}") = "Catalog", "Catalog", "{B9410262-6D74-4649-88AC-FC756157F38F}"
EndProject
Project("{FAE04EC0-301F-11D3-BF4B-00C04F79EFBC}") = "DDD.Catalog.Domain", "src\DDD.Catalog.Domain\DDD.Catalog.Domain.csproj", "{1DBDE655-80FA-483A-8315-C5CCB662B1C8}"
EndProject
Project("{2150E333-8FDC-42A3-9474-1A3956D46DE8}") = "Order", "Order", "{FC2BDD52-74E7-4422-9AB5-995BC9B9B92E}"
EndProject
Project("{FAE04EC0-301F-11D3-BF4B-00C04F79EFBC}") = "DDD.Order.Domain", "src\DDD.Order.Domain\DDD.Order.Domain.csproj", "{FFAA767D-A8E9-4C05-866C-63617DC73C9C}"
EndProject
Project("{2150E333-8FDC-42A3-9474-1A3956D46DE8}") = "Tests", "Tests", "{1E059B11-B63F-4FA5-9793-85CA4D6A9992}"
EndProject
Project("{FAE04EC0-301F-11D3-BF4B-00C04F79EFBC}") = "DDD.Tests", "src\DDD.Tests\DDD.Tests.csproj", "{BB6F365F-9469-45C0-8CED-89FEA6AD6406}"
EndProject
Global
	GlobalSection(SolutionConfigurationPlatforms) = preSolution
		Debug|Any CPU = Debug|Any CPU
		Release|Any CPU = Release|Any CPU
	EndGlobalSection
	GlobalSection(ProjectConfigurationPlatforms) = postSolution
		{9ADE6802-4B01-4B84-805D-E0FC66EE190F}.Debug|Any CPU.ActiveCfg = Debug|Any CPU
		{9ADE6802-4B01-4B84-805D-E0FC66EE190F}.Debug|Any CPU.Build.0 = Debug|Any CPU
		{9ADE6802-4B01-4B84-805D-E0FC66EE190F}.Release|Any CPU.ActiveCfg = Release|Any CPU
		{9ADE6802-4B01-4B84-805D-E0FC66EE190F}.Release|Any CPU.Build.0 = Release|Any CPU
		{C3AAFA59-F27D-4A6A-BD07-30D3DAD766A0}.Debug|Any CPU.ActiveCfg = Debug|Any CPU
		{C3AAFA59-F27D-4A6A-BD07-30D3DAD766A0}.Debug|Any CPU.Build.0 = Debug|Any CPU
		{C3AAFA59-F27D-4A6A-BD07-30D3DAD766A0}.Release|Any CPU.ActiveCfg = Release|Any CPU
		{C3AAFA59-F27D-4A6A-BD07-30D3DAD766A0}.Release|Any CPU.Build.0 = Release|Any CPU
		{1DBDE655-80FA-483A-8315-C5CCB662B1C8}.Debug|Any CPU.ActiveCfg = Debug|Any CPU
		{1DBDE655-80FA-483A-8315-C5CCB662B1C8}.Debug|Any CPU.Build.0 = Debug|Any CPU
		{1DBDE655-80FA-483A-8315-C5CCB662B1C8}.Release|Any CPU.ActiveCfg = Release|Any CPU
		{1DBDE655-80FA-483A-8315-C5CCB662B1C8}.Release|Any CPU.Build.0 = Release|Any CPU
		{FFAA767D-A8E9-4C05-866C-63617DC73C9C}.Debug|Any CPU.ActiveCfg = Debug|Any CPU
		{FFAA767D-A8E9-4C05-866C-63617DC73C9C}.Debug|Any CPU.Build.0 = Debug|Any CPU
		{FFAA767D-A8E9-4C05-866C-63617DC73C9C}.Release|Any CPU.ActiveCfg = Release|Any CPU
		{FFAA767D-A8E9-4C05-866C-63617DC73C9C}.Release|Any CPU.Build.0 = Release|Any CPU
		{BB6F365F-9469-45C0-8CED-89FEA6AD6406}.Debug|Any CPU.ActiveCfg = Debug|Any CPU
		{BB6F365F-9469-45C0-8CED-89FEA6AD6406}.Debug|Any CPU.Build.0 = Debug|Any CPU
		{BB6F365F-9469-45C0-8CED-89FEA6AD6406}.Release|Any CPU.ActiveCfg = Release|Any CPU
		{BB6F365F-9469-45C0-8CED-89FEA6AD6406}.Release|Any CPU.Build.0 = Release|Any CPU
	EndGlobalSection
	GlobalSection(SolutionProperties) = preSolution
		HideSolutionNode = FALSE
	EndGlobalSection
	GlobalSection(NestedProjects) = preSolution
		{B08C3C29-54DB-49A4-AFE0-8BCE63072BF1} = {9A49DB18-ED29-4478-86B7-ED6E72AE87C9}
		{9ADE6802-4B01-4B84-805D-E0FC66EE190F} = {B08C3C29-54DB-49A4-AFE0-8BCE63072BF1}
		{B54DD91B-0C31-4878-8D3A-DB4036BFAAE8} = {9A49DB18-ED29-4478-86B7-ED6E72AE87C9}
		{C3AAFA59-F27D-4A6A-BD07-30D3DAD766A0} = {B54DD91B-0C31-4878-8D3A-DB4036BFAAE8}
		{B9410262-6D74-4649-88AC-FC756157F38F} = {9A49DB18-ED29-4478-86B7-ED6E72AE87C9}
		{1DBDE655-80FA-483A-8315-C5CCB662B1C8} = {B9410262-6D74-4649-88AC-FC756157F38F}
		{FC2BDD52-74E7-4422-9AB5-995BC9B9B92E} = {9A49DB18-ED29-4478-86B7-ED6E72AE87C9}
		{FFAA767D-A8E9-4C05-866C-63617DC73C9C} = {FC2BDD52-74E7-4422-9AB5-995BC9B9B92E}
		{BB6F365F-9469-45C0-8CED-89FEA6AD6406} = {1E059B11-B63F-4FA5-9793-85CA4D6A9992}
	EndGlobalSection
	GlobalSection(ExtensibilityGlobals) = postSolution
		SolutionGuid = {1286FD9C-B3E5-4BD1-A9AB-ED81365834DA}
	EndGlobalSection
EndGlobal
